
Microsoft Visual Studio Solution File, Format Version 12.00
# Visual Studio 15
VisualStudioVersion = 15.0.28307.1684
MinimumVisualStudioVersion = 10.0.40219.1
Project("{8BC9CEB8-8B4A-11D0-8D11-00A0C91BC942}") = "Exercicio35", "Exercicio35\Exercicio35.vcxproj", "{230CA27B-DEA8-48B1-A50C-2EDBFC977E3D}"
EndProject
Global
	GlobalSection(SolutionConfigurationPlatforms) = preSolution
		Debug|x64 = Debug|x64
		Debug|x86 = Debug|x86
		Release|x64 = Release|x64
		Release|x86 = Release|x86
	EndGlobalSection
	GlobalSection(ProjectConfigurationPlatforms) = postSolution
		{230CA27B-DEA8-48B1-A50C-2EDBFC977E3D}.Debug|x64.ActiveCfg = Debug|x64
		{230CA27B-DEA8-48B1-A50C-2EDBFC977E3D}.Debug|x64.Build.0 = Debug|x64
		{230CA27B-DEA8-48B1-A50C-2EDBFC977E3D}.Debug|x86.ActiveCfg = Debug|Win32
		{230CA27B-DEA8-48B1-A50C-2EDBFC977E3D}.Debug|x86.Build.0 = Debug|Win32
		{230CA27B-DEA8-48B1-A50C-2EDBFC977E3D}.Release|x64.ActiveCfg = Release|x64
		{230CA27B-DEA8-48B1-A50C-2EDBFC977E3D}.Release|x64.Build.0 = Release|x64
		{230CA27B-DEA8-48B1-A50C-2EDBFC977E3D}.Release|x86.ActiveCfg = Release|Win32
		{230CA27B-DEA8-48B1-A50C-2EDBFC977E3D}.Release|x86.Build.0 = Release|Win32
	EndGlobalSection
	GlobalSection(SolutionProperties) = preSolution
		HideSolutionNode = FALSE
	EndGlobalSection
	GlobalSection(ExtensibilityGlobals) = postSolution
		SolutionGuid = {DA054DA2-0EDC-4FFD-B9A8-3BC64A48CD88}
	EndGlobalSection
EndGlobal
