
Microsoft Visual Studio Solution File, Format Version 12.00
# Visual Studio 15
VisualStudioVersion = 15.0.28307.1684
MinimumVisualStudioVersion = 10.0.40219.1
Project("{8BC9CEB8-8B4A-11D0-8D11-00A0C91BC942}") = "DeclararVetores", "DeclararVetores\DeclararVetores.vcxproj", "{AC5FC289-A744-4356-BAFF-CF588062CBCE}"
EndProject
Global
	GlobalSection(SolutionConfigurationPlatforms) = preSolution
		Debug|x64 = Debug|x64
		Debug|x86 = Debug|x86
		Release|x64 = Release|x64
		Release|x86 = Release|x86
	EndGlobalSection
	GlobalSection(ProjectConfigurationPlatforms) = postSolution
		{AC5FC289-A744-4356-BAFF-CF588062CBCE}.Debug|x64.ActiveCfg = Debug|x64
		{AC5FC289-A744-4356-BAFF-CF588062CBCE}.Debug|x64.Build.0 = Debug|x64
		{AC5FC289-A744-4356-BAFF-CF588062CBCE}.Debug|x86.ActiveCfg = Debug|Win32
		{AC5FC289-A744-4356-BAFF-CF588062CBCE}.Debug|x86.Build.0 = Debug|Win32
		{AC5FC289-A744-4356-BAFF-CF588062CBCE}.Release|x64.ActiveCfg = Release|x64
		{AC5FC289-A744-4356-BAFF-CF588062CBCE}.Release|x64.Build.0 = Release|x64
		{AC5FC289-A744-4356-BAFF-CF588062CBCE}.Release|x86.ActiveCfg = Release|Win32
		{AC5FC289-A744-4356-BAFF-CF588062CBCE}.Release|x86.Build.0 = Release|Win32
	EndGlobalSection
	GlobalSection(SolutionProperties) = preSolution
		HideSolutionNode = FALSE
	EndGlobalSection
	GlobalSection(ExtensibilityGlobals) = postSolution
		SolutionGuid = {02CDB38E-1627-4C8C-9375-159F47C68CFA}
	EndGlobalSection
EndGlobal
