
Microsoft Visual Studio Solution File, Format Version 12.00
# Visual Studio 15
VisualStudioVersion = 15.0.28307.1684
MinimumVisualStudioVersion = 10.0.40219.1
Project("{8BC9CEB8-8B4A-11D0-8D11-00A0C91BC942}") = "Exercicio005", "Exercicio005\Exercicio005.vcxproj", "{714455CB-8660-4668-8DE7-25A62ECA8523}"
EndProject
Global
	GlobalSection(SolutionConfigurationPlatforms) = preSolution
		Debug|x64 = Debug|x64
		Debug|x86 = Debug|x86
		Release|x64 = Release|x64
		Release|x86 = Release|x86
	EndGlobalSection
	GlobalSection(ProjectConfigurationPlatforms) = postSolution
		{714455CB-8660-4668-8DE7-25A62ECA8523}.Debug|x64.ActiveCfg = Debug|x64
		{714455CB-8660-4668-8DE7-25A62ECA8523}.Debug|x64.Build.0 = Debug|x64
		{714455CB-8660-4668-8DE7-25A62ECA8523}.Debug|x86.ActiveCfg = Debug|Win32
		{714455CB-8660-4668-8DE7-25A62ECA8523}.Debug|x86.Build.0 = Debug|Win32
		{714455CB-8660-4668-8DE7-25A62ECA8523}.Release|x64.ActiveCfg = Release|x64
		{714455CB-8660-4668-8DE7-25A62ECA8523}.Release|x64.Build.0 = Release|x64
		{714455CB-8660-4668-8DE7-25A62ECA8523}.Release|x86.ActiveCfg = Release|Win32
		{714455CB-8660-4668-8DE7-25A62ECA8523}.Release|x86.Build.0 = Release|Win32
	EndGlobalSection
	GlobalSection(SolutionProperties) = preSolution
		HideSolutionNode = FALSE
	EndGlobalSection
	GlobalSection(ExtensibilityGlobals) = postSolution
		SolutionGuid = {8119A2DA-77F7-4EAA-8080-9E21F85F4288}
	EndGlobalSection
EndGlobal
